
Microsoft Visual Studio Solution File, Format Version 12.00
# Visual Studio 2013
VisualStudioVersion = 12.0.30501.0
MinimumVisualStudioVersion = 10.0.40219.1
Project("{FAE04EC0-301F-11D3-BF4B-00C04F79EFBC}") = "MongoNotes.Service", "MongoNotes.Service\MongoNotes.Service.csproj", "{55E27E9E-1C3B-4AC5-9F5B-E87E9C857FB8}"
EndProject
Project("{FAE04EC0-301F-11D3-BF4B-00C04F79EFBC}") = "MongoNotes.Site", "MongoNotes.Site\MongoNotes.Site.csproj", "{3A7F3640-358A-44C4-BCF8-4A3DF12A9959}"
EndProject
Project("{FAE04EC0-301F-11D3-BF4B-00C04F79EFBC}") = "MongoNotes.Library", "MongoNotes.Library\MongoNotes.Library.csproj", "{FD282BEE-F905-49BC-8DED-E30FDCA432B5}"
EndProject
Global
	GlobalSection(SolutionConfigurationPlatforms) = preSolution
		Debug|Any CPU = Debug|Any CPU
		Release|Any CPU = Release|Any CPU
	EndGlobalSection
	GlobalSection(ProjectConfigurationPlatforms) = postSolution
		{55E27E9E-1C3B-4AC5-9F5B-E87E9C857FB8}.Debug|Any CPU.ActiveCfg = Debug|Any CPU
		{55E27E9E-1C3B-4AC5-9F5B-E87E9C857FB8}.Debug|Any CPU.Build.0 = Debug|Any CPU
		{55E27E9E-1C3B-4AC5-9F5B-E87E9C857FB8}.Release|Any CPU.ActiveCfg = Release|Any CPU
		{55E27E9E-1C3B-4AC5-9F5B-E87E9C857FB8}.Release|Any CPU.Build.0 = Release|Any CPU
		{3A7F3640-358A-44C4-BCF8-4A3DF12A9959}.Debug|Any CPU.ActiveCfg = Debug|Any CPU
		{3A7F3640-358A-44C4-BCF8-4A3DF12A9959}.Debug|Any CPU.Build.0 = Debug|Any CPU
		{3A7F3640-358A-44C4-BCF8-4A3DF12A9959}.Release|Any CPU.ActiveCfg = Release|Any CPU
		{3A7F3640-358A-44C4-BCF8-4A3DF12A9959}.Release|Any CPU.Build.0 = Release|Any CPU
		{FD282BEE-F905-49BC-8DED-E30FDCA432B5}.Debug|Any CPU.ActiveCfg = Debug|Any CPU
		{FD282BEE-F905-49BC-8DED-E30FDCA432B5}.Debug|Any CPU.Build.0 = Debug|Any CPU
		{FD282BEE-F905-49BC-8DED-E30FDCA432B5}.Release|Any CPU.ActiveCfg = Release|Any CPU
		{FD282BEE-F905-49BC-8DED-E30FDCA432B5}.Release|Any CPU.Build.0 = Release|Any CPU
	EndGlobalSection
	GlobalSection(SolutionProperties) = preSolution
		HideSolutionNode = FALSE
	EndGlobalSection
EndGlobal
